<?xml version="1.0" encoding="utf-8"?>
<Project ToolsVersion="4.0" xmlns="http://schemas.microsoft.com/developer/msbuild/2003">
  <ItemGroup>
    <Filter Include="Source Files">
      <UniqueIdentifier>{844e324d-6c7c-42e4-b600-c553a1117f27}</UniqueIdentifier>
      <Extensions>cpp;c;cxx;rc;def;r;odl;idl;hpj;bat</Extensions>
    </Filter>
    <Filter Include="Header Files">
      <UniqueIdentifier>{88209fd1-81fa-497e-981b-2481748c2c5e}</UniqueIdentifier>
      <Extensions>h;hpp;hxx;hm;inl</Extensions>
    </Filter>
    <Filter Include="Resource Files">
      <UniqueIdentifier>{c60bdd86-f251-4b2c-bef1-bcfec22fe55e}</UniqueIdentifier>
      <Extensions>ico;cur;bmp;dlg;rc2;rct;bin;rgs;gif;jpg;jpeg;jpe</Extensions>
    </Filter>
  </ItemGroup>
  <ItemGroup>
    <ClCompile Include="tools\ggltools.cpp">
      <Filter>Source Files</Filter>
    </ClCompile>
    <ClCompile Include="tools\gmath.cpp">
      <Filter>Source Files</Filter>
    </ClCompile>
    <ClCompile Include="tools\gmatrix3d.cpp">
      <Filter>Source Files</Filter>
    </ClCompile>
    <ClCompile Include="tools\gpoint3d.cpp">
      <Filter>Source Files</Filter>
    </ClCompile>
    <ClCompile Include="tools\gvector3d.cpp">
      <Filter>Source Files</Filter>
    </ClCompile>
    <ClCompile Include="main.cpp">
      <Filter>Source Files</Filter>
    </ClCompile>
  </ItemGroup>
  <ItemGroup>
    <ClInclude Include="tools\ggltools.h">
      <Filter>Header Files</Filter>
    </ClInclude>
    <ClInclude Include="tools\gmath.h">
      <Filter>Header Files</Filter>
    </ClInclude>
    <ClInclude Include="tools\gmatrix3d.h">
      <Filter>Header Files</Filter>
    </ClInclude>
    <ClInclude Include="tools\gpoint3d.h">
      <Filter>Header Files</Filter>
    </ClInclude>
    <ClInclude Include="tools\gvector3d.h">
      <Filter>Header Files</Filter>
    </ClInclude>
  </ItemGroup>
</Project>