<?xml version="1.0" encoding="utf-8"?>
<Project ToolsVersion="4.0" xmlns="http://schemas.microsoft.com/developer/msbuild/2003">
  <ItemGroup>
    <Filter Include="Source Files">
      <UniqueIdentifier>{fa08965b-6eaf-4c43-b4c5-efb7dbea2594}</UniqueIdentifier>
      <Extensions>cpp;c;cxx;rc;def;r;odl;idl;hpj;bat</Extensions>
    </Filter>
    <Filter Include="Header Files">
      <UniqueIdentifier>{00f5bc82-552f-4048-b1ae-3c2f0f93e5bb}</UniqueIdentifier>
      <Extensions>h;hpp;hxx;hm;inl</Extensions>
    </Filter>
    <Filter Include="Source Files\Resource Files">
      <UniqueIdentifier>{c2a02327-e1ee-4a0e-be3c-fb46bc48c40f}</UniqueIdentifier>
      <Extensions>ico;cur;bmp;dlg;rc2;rct;bin;rgs;gif;jpg;jpeg;jpe</Extensions>
    </Filter>
  </ItemGroup>
  <ItemGroup>
    <ClCompile Include="ggltools.cpp">
      <Filter>Source Files</Filter>
    </ClCompile>
    <ClCompile Include="main.cpp">
      <Filter>Source Files</Filter>
    </ClCompile>
  </ItemGroup>
  <ItemGroup>
    <ClInclude Include="ggltools.h">
      <Filter>Header Files</Filter>
    </ClInclude>
    <ClInclude Include="gline.h">
      <Filter>Header Files</Filter>
    </ClInclude>
    <ClInclude Include="gpoint2.h">
      <Filter>Header Files</Filter>
    </ClInclude>
  </ItemGroup>
</Project>